<?xml version="1.0" encoding="utf-8"?>
<Project ToolsVersion="4.0" xmlns="http://schemas.microsoft.com/developer/msbuild/2003">
  <ItemGroup>
    <Filter Include="Core">
      <UniqueIdentifier>{1e23b6bf-c0e9-40bf-9fc5-99fc47b74807}</UniqueIdentifier>
    </Filter>
    <Filter Include="Game">
      <UniqueIdentifier>{62327cbd-b8a0-498f-8623-5ca558fa0184}</UniqueIdentifier>
    </Filter>
    <Filter Include="Core\imgui">
      <UniqueIdentifier>{bed45f96-fb23-413b-9f38-63a19bd47697}</UniqueIdentifier>
    </Filter>
    <Filter Include="Data">
      <UniqueIdentifier>{d6c0b943-a061-4d23-991a-a7490b07ea0c}</UniqueIdentifier>
    </Filter>
    <Filter Include="Data\Fonts">
      <UniqueIdentifier>{468b247f-ef1c-4aa8-bad4-735535caaf8c}</UniqueIdentifier>
    </Filter>
  </ItemGroup>
  <ItemGroup>
    <ClCompile Include="Source\Core\SDL_InputImpl.cpp">
      <Filter>Core</Filter>
    </ClCompile>
    <ClCompile Include="Source\Core\SDL_RendererImpl.cpp">
      <Filter>Core</Filter>
    </ClCompile>
    <ClCompile Include="Source\Core\SDL_SystemImpl.cpp">
      <Filter>Core</Filter>
    </ClCompile>
    <ClCompile Include="Source\Core\SDL_WindowImpl.cpp">
      <Filter>Core</Filter>
    </ClCompile>
    <ClCompile Include="Source\main.cpp">
      <Filter>Game</Filter>
    </ClCompile>
    <ClCompile Include="Source\Core\Engine.cpp">
      <Filter>Core</Filter>
    </ClCompile>
    <ClCompile Include="Source\Core\imgui\imgui.cpp">
      <Filter>Core\imgui</Filter>
    </ClCompile>
    <ClCompile Include="Source\Core\imgui\imgui_draw.cpp">
      <Filter>Core\imgui</Filter>
    </ClCompile>
    <ClCompile Include="Source\Core\imgui\imgui_impl_sdl.cpp">
      <Filter>Core\imgui</Filter>
    </ClCompile>
    <ClCompile Include="Source\Game.cpp">
      <Filter>Game</Filter>
    </ClCompile>
    <ClCompile Include="Source\Core\SDL_TextureImpl.cpp">
      <Filter>Core</Filter>
    </ClCompile>
    <ClCompile Include="Source\Core\imgui_impl_core.cpp">
      <Filter>Core</Filter>
    </ClCompile>
    <ClCompile Include="Source\Core\SDL_FileImpl.cpp">
      <Filter>Core</Filter>
    </ClCompile>
    <ClCompile Include="Source\InputAux.cpp">
      <Filter>Game</Filter>
    </ClCompile>
    <ClCompile Include="Source\UI.cpp">
      <Filter>Game</Filter>
    </ClCompile>
    <ClCompile Include="Source\Jobs.cpp">
      <Filter>Game</Filter>
    </ClCompile>
  </ItemGroup>
  <ItemGroup>
    <ClInclude Include="Source\Core\System.h">
      <Filter>Core</Filter>
    </ClInclude>
    <ClInclude Include="Source\Core\Window.h">
      <Filter>Core</Filter>
    </ClInclude>
    <ClInclude Include="Source\Core\Input.h">
      <Filter>Core</Filter>
    </ClInclude>
    <ClInclude Include="Source\Core\Renderer.h">
      <Filter>Core</Filter>
    </ClInclude>
    <ClInclude Include="Source\Core\SDL_CommonImpl.h">
      <Filter>Core</Filter>
    </ClInclude>
    <ClInclude Include="Source\Core\Engine.h">
      <Filter>Core</Filter>
    </ClInclude>
    <ClInclude Include="Source\Core\Math.h">
      <Filter>Core</Filter>
    </ClInclude>
    <ClInclude Include="Source\Core\LightVector.h">
      <Filter>Core</Filter>
    </ClInclude>
    <ClInclude Include="Source\Core\imgui\imconfig.h">
      <Filter>Core\imgui</Filter>
    </ClInclude>
    <ClInclude Include="Source\Core\imgui\imgui.h">
      <Filter>Core\imgui</Filter>
    </ClInclude>
    <ClInclude Include="Source\Core\imgui\imgui_impl_sdl.h">
      <Filter>Core\imgui</Filter>
    </ClInclude>
    <ClInclude Include="Source\Core\imgui\imgui_internal.h">
      <Filter>Core\imgui</Filter>
    </ClInclude>
    <ClInclude Include="Source\Core\imgui\stb_rect_pack.h">
      <Filter>Core\imgui</Filter>
    </ClInclude>
    <ClInclude Include="Source\Core\imgui\stb_textedit.h">
      <Filter>Core\imgui</Filter>
    </ClInclude>
    <ClInclude Include="Source\Core\imgui\stb_truetype.h">
      <Filter>Core\imgui</Filter>
    </ClInclude>
    <ClInclude Include="Source\Game.h">
      <Filter>Game</Filter>
    </ClInclude>
    <ClInclude Include="Source\Core\Texture.h">
      <Filter>Core</Filter>
    </ClInclude>
    <ClInclude Include="Source\Core\Memory.h">
      <Filter>Core</Filter>
    </ClInclude>
    <ClInclude Include="Source\Core\imgui_impl_core.h">
      <Filter>Core</Filter>
    </ClInclude>
    <ClInclude Include="Source\Core\File.h">
      <Filter>Core</Filter>
    </ClInclude>
    <ClInclude Include="Source\InputAux.h">
      <Filter>Game</Filter>
    </ClInclude>
    <ClInclude Include="Source\UI.h">
      <Filter>Game</Filter>
    </ClInclude>
    <ClInclude Include="Source\stb_image.h">
      <Filter>Game</Filter>
    </ClInclude>
  </ItemGroup>
  <ItemGroup>
    <Font Include="Data\Fonts\ArvinLight.ttf">
      <Filter>Data\Fonts</Filter>
    </Font>
  </ItemGroup>
</Project>